
Microsoft Visual Studio Solution File, Format Version 12.00
# Visual Studio 15
VisualStudioVersion = 15.0.27428.2005
MinimumVisualStudioVersion = 10.0.40219.1
Project("{2150E333-8FDC-42A3-9474-1A3956D46DE8}") = "Creational", "Creational", "{0365C714-7918-457F-B9DB-BC068B9CC687}"
EndProject
Project("{9A19103F-16F7-4668-BE54-9A1E7A4F7556}") = "Creational.Factories.AbstractFactory", "Creational.Factories.AbstractFactory\Creational.Factories.AbstractFactory.csproj", "{59C8152C-E089-4222-8FA9-9A4F352D8A15}"
EndProject
Project("{9A19103F-16F7-4668-BE54-9A1E7A4F7556}") = "Creational.Factories.Factory", "Creational.Factories.Factory\Creational.Factories.Factory.csproj", "{A0B09917-1AA2-487F-8E20-1FA253AC2314}"
EndProject
Project("{9A19103F-16F7-4668-BE54-9A1E7A4F7556}") = "Creational.Builder.Builder", "Creational.Builder.Builder\Creational.Builder.Builder.csproj", "{B181BF15-81F2-4E5E-92C8-9F2F79F50F99}"
EndProject
Project("{9A19103F-16F7-4668-BE54-9A1E7A4F7556}") = "Creational.Builder.BuilderFacets", "Creational.Builder.BuilderFacets\Creational.Builder.BuilderFacets.csproj", "{581F8779-EF26-4542-90A6-ED906D3A3ECD}"
EndProject
Project("{9A19103F-16F7-4668-BE54-9A1E7A4F7556}") = "Creational.Builder.BuilderInheritance", "Creational.Builder.BuilderInheritance\Creational.Builder.BuilderInheritance.csproj", "{BB0D8DB1-11A0-4E71-8843-FE2CA8C96ACE}"
EndProject
Project("{9A19103F-16F7-4668-BE54-9A1E7A4F7556}") = "Creational.Singleton.Singleton", "Creational.Singleton.Singleton\Creational.Singleton.Singleton.csproj", "{543D64B9-BE97-40C9-9395-EA235182514B}"
EndProject
Project("{2150E333-8FDC-42A3-9474-1A3956D46DE8}") = "Tests", "Tests", "{E446F02D-A94F-4A64-883F-D6469B90389D}"
EndProject
Project("{9A19103F-16F7-4668-BE54-9A1E7A4F7556}") = "Creational.Singleton.Singleton.Tests", "Creational.Singleton.Singleton.Tests\Creational.Singleton.Singleton.Tests.csproj", "{026C675B-FC5A-419B-A28F-62F7AE2A130E}"
EndProject
Project("{9A19103F-16F7-4668-BE54-9A1E7A4F7556}") = "Creational.Prototype", "Creational.Prototype\Creational.Prototype.csproj", "{C74F39E4-1020-425E-A406-9B419AEC65E0}"
EndProject
Project("{9A19103F-16F7-4668-BE54-9A1E7A4F7556}") = "Creational.Singleton.SingletonInDI", "Creational.Singleton.SingletonInDI\Creational.Singleton.SingletonInDI.csproj", "{8A7CE6EF-A75B-4EE4-B258-4704BDD070DE}"
EndProject
Project("{9A19103F-16F7-4668-BE54-9A1E7A4F7556}") = "Creational.Singleton.Monostate", "Creational.Singleton.Monostate\Creational.Singleton.Monostate.csproj", "{70B80829-E0D6-4AAD-9929-6A92605C7459}"
EndProject
Project("{2150E333-8FDC-42A3-9474-1A3956D46DE8}") = "Structural", "Structural", "{53FE7119-21F0-492B-A1F4-79C86F2E2C54}"
EndProject
Project("{9A19103F-16F7-4668-BE54-9A1E7A4F7556}") = "Structural.Adapter.NoCaching", "Structural.Adapter.NoCaching\Structural.Adapter.NoCaching.csproj", "{228F5CB1-0EC3-4536-A0E9-80CD3FEC4D02}"
EndProject
Project("{9A19103F-16F7-4668-BE54-9A1E7A4F7556}") = "Structural.Adapter.WithCaching", "Structural.Adapter.WithCaching\Structural.Adapter.WithCaching.csproj", "{2BC4954A-21A2-4D11-A222-1D9049953DAF}"
EndProject
Project("{9A19103F-16F7-4668-BE54-9A1E7A4F7556}") = "Structural.Bridge", "Structural.Bridge\Structural.Bridge.csproj", "{107A44CC-C351-440B-A290-24D7A3B90470}"
EndProject
Project("{9A19103F-16F7-4668-BE54-9A1E7A4F7556}") = "Structural.Composite.GeometricShapes", "Structural.Composite.GeometricShapes\Structural.Composite.GeometricShapes.csproj", "{E17938AA-F7DC-4CD0-9A55-0AA008ED1029}"
EndProject
Project("{9A19103F-16F7-4668-BE54-9A1E7A4F7556}") = "Structural.Composite.NeuralNetworks", "Structural.Composite.NeuralNetworks\Structural.Composite.NeuralNetworks.csproj", "{58E28B0F-93E6-4FC2-AABC-4333E406C5D6}"
EndProject
Project("{9A19103F-16F7-4668-BE54-9A1E7A4F7556}") = "Structural.Decorator", "Structural.Decorator\Structural.Decorator.csproj", "{860E82C4-E36C-4CFD-87CA-D2D48EF7317E}"
EndProject
Project("{2150E333-8FDC-42A3-9474-1A3956D46DE8}") = "Behavioral", "Behavioral", "{6DFAA7C2-72A5-4189-B609-D8CFCEC5EEA7}"
EndProject
Project("{9A19103F-16F7-4668-BE54-9A1E7A4F7556}") = "Behavioral.ChainOfResponsibility.MethodChain", "Behavioral.ChainOfResponsibility.MethodChain\Behavioral.ChainOfResponsibility.MethodChain.csproj", "{36064AF1-36CE-4C82-A889-BF046EEBE577}"
EndProject
Project("{9A19103F-16F7-4668-BE54-9A1E7A4F7556}") = "Behavioral.ChainOfResponsibility.BrokerChain", "Behavioral.ChainOfResponsibility.BrokerChain\Behavioral.ChainOfResponsibility.BrokerChain.csproj", "{3CF66F48-A7BC-4808-962D-43463BBF60B6}"
EndProject
Project("{FAE04EC0-301F-11D3-BF4B-00C04F79EFBC}") = "Behavioral.Command", "Behavioral.Command\Behavioral.Command.csproj", "{FE86D587-B8BE-4244-98C2-C00B84038F28}"
EndProject
Project("{FAE04EC0-301F-11D3-BF4B-00C04F79EFBC}") = "Behavioral.Interpreter", "Behavioral.Interpreter\Behavioral.Interpreter.csproj", "{E887AF79-C1E0-42AF-8262-4EBB18627C8E}"
EndProject
Global
	GlobalSection(SolutionConfigurationPlatforms) = preSolution
		Debug|Any CPU = Debug|Any CPU
		Release|Any CPU = Release|Any CPU
	EndGlobalSection
	GlobalSection(ProjectConfigurationPlatforms) = postSolution
		{59C8152C-E089-4222-8FA9-9A4F352D8A15}.Debug|Any CPU.ActiveCfg = Debug|Any CPU
		{59C8152C-E089-4222-8FA9-9A4F352D8A15}.Debug|Any CPU.Build.0 = Debug|Any CPU
		{59C8152C-E089-4222-8FA9-9A4F352D8A15}.Release|Any CPU.ActiveCfg = Release|Any CPU
		{59C8152C-E089-4222-8FA9-9A4F352D8A15}.Release|Any CPU.Build.0 = Release|Any CPU
		{A0B09917-1AA2-487F-8E20-1FA253AC2314}.Debug|Any CPU.ActiveCfg = Debug|Any CPU
		{A0B09917-1AA2-487F-8E20-1FA253AC2314}.Debug|Any CPU.Build.0 = Debug|Any CPU
		{A0B09917-1AA2-487F-8E20-1FA253AC2314}.Release|Any CPU.ActiveCfg = Release|Any CPU
		{A0B09917-1AA2-487F-8E20-1FA253AC2314}.Release|Any CPU.Build.0 = Release|Any CPU
		{B181BF15-81F2-4E5E-92C8-9F2F79F50F99}.Debug|Any CPU.ActiveCfg = Debug|Any CPU
		{B181BF15-81F2-4E5E-92C8-9F2F79F50F99}.Debug|Any CPU.Build.0 = Debug|Any CPU
		{B181BF15-81F2-4E5E-92C8-9F2F79F50F99}.Release|Any CPU.ActiveCfg = Release|Any CPU
		{B181BF15-81F2-4E5E-92C8-9F2F79F50F99}.Release|Any CPU.Build.0 = Release|Any CPU
		{581F8779-EF26-4542-90A6-ED906D3A3ECD}.Debug|Any CPU.ActiveCfg = Debug|Any CPU
		{581F8779-EF26-4542-90A6-ED906D3A3ECD}.Debug|Any CPU.Build.0 = Debug|Any CPU
		{581F8779-EF26-4542-90A6-ED906D3A3ECD}.Release|Any CPU.ActiveCfg = Release|Any CPU
		{581F8779-EF26-4542-90A6-ED906D3A3ECD}.Release|Any CPU.Build.0 = Release|Any CPU
		{BB0D8DB1-11A0-4E71-8843-FE2CA8C96ACE}.Debug|Any CPU.ActiveCfg = Debug|Any CPU
		{BB0D8DB1-11A0-4E71-8843-FE2CA8C96ACE}.Debug|Any CPU.Build.0 = Debug|Any CPU
		{BB0D8DB1-11A0-4E71-8843-FE2CA8C96ACE}.Release|Any CPU.ActiveCfg = Release|Any CPU
		{BB0D8DB1-11A0-4E71-8843-FE2CA8C96ACE}.Release|Any CPU.Build.0 = Release|Any CPU
		{543D64B9-BE97-40C9-9395-EA235182514B}.Debug|Any CPU.ActiveCfg = Debug|Any CPU
		{543D64B9-BE97-40C9-9395-EA235182514B}.Debug|Any CPU.Build.0 = Debug|Any CPU
		{543D64B9-BE97-40C9-9395-EA235182514B}.Release|Any CPU.ActiveCfg = Release|Any CPU
		{543D64B9-BE97-40C9-9395-EA235182514B}.Release|Any CPU.Build.0 = Release|Any CPU
		{026C675B-FC5A-419B-A28F-62F7AE2A130E}.Debug|Any CPU.ActiveCfg = Debug|Any CPU
		{026C675B-FC5A-419B-A28F-62F7AE2A130E}.Debug|Any CPU.Build.0 = Debug|Any CPU
		{026C675B-FC5A-419B-A28F-62F7AE2A130E}.Release|Any CPU.ActiveCfg = Release|Any CPU
		{026C675B-FC5A-419B-A28F-62F7AE2A130E}.Release|Any CPU.Build.0 = Release|Any CPU
		{C74F39E4-1020-425E-A406-9B419AEC65E0}.Debug|Any CPU.ActiveCfg = Debug|Any CPU
		{C74F39E4-1020-425E-A406-9B419AEC65E0}.Debug|Any CPU.Build.0 = Debug|Any CPU
		{C74F39E4-1020-425E-A406-9B419AEC65E0}.Release|Any CPU.ActiveCfg = Release|Any CPU
		{C74F39E4-1020-425E-A406-9B419AEC65E0}.Release|Any CPU.Build.0 = Release|Any CPU
		{8A7CE6EF-A75B-4EE4-B258-4704BDD070DE}.Debug|Any CPU.ActiveCfg = Debug|Any CPU
		{8A7CE6EF-A75B-4EE4-B258-4704BDD070DE}.Debug|Any CPU.Build.0 = Debug|Any CPU
		{8A7CE6EF-A75B-4EE4-B258-4704BDD070DE}.Release|Any CPU.ActiveCfg = Release|Any CPU
		{8A7CE6EF-A75B-4EE4-B258-4704BDD070DE}.Release|Any CPU.Build.0 = Release|Any CPU
		{70B80829-E0D6-4AAD-9929-6A92605C7459}.Debug|Any CPU.ActiveCfg = Debug|Any CPU
		{70B80829-E0D6-4AAD-9929-6A92605C7459}.Debug|Any CPU.Build.0 = Debug|Any CPU
		{70B80829-E0D6-4AAD-9929-6A92605C7459}.Release|Any CPU.ActiveCfg = Release|Any CPU
		{70B80829-E0D6-4AAD-9929-6A92605C7459}.Release|Any CPU.Build.0 = Release|Any CPU
		{228F5CB1-0EC3-4536-A0E9-80CD3FEC4D02}.Debug|Any CPU.ActiveCfg = Debug|Any CPU
		{228F5CB1-0EC3-4536-A0E9-80CD3FEC4D02}.Debug|Any CPU.Build.0 = Debug|Any CPU
		{228F5CB1-0EC3-4536-A0E9-80CD3FEC4D02}.Release|Any CPU.ActiveCfg = Release|Any CPU
		{228F5CB1-0EC3-4536-A0E9-80CD3FEC4D02}.Release|Any CPU.Build.0 = Release|Any CPU
		{2BC4954A-21A2-4D11-A222-1D9049953DAF}.Debug|Any CPU.ActiveCfg = Debug|Any CPU
		{2BC4954A-21A2-4D11-A222-1D9049953DAF}.Debug|Any CPU.Build.0 = Debug|Any CPU
		{2BC4954A-21A2-4D11-A222-1D9049953DAF}.Release|Any CPU.ActiveCfg = Release|Any CPU
		{2BC4954A-21A2-4D11-A222-1D9049953DAF}.Release|Any CPU.Build.0 = Release|Any CPU
		{107A44CC-C351-440B-A290-24D7A3B90470}.Debug|Any CPU.ActiveCfg = Debug|Any CPU
		{107A44CC-C351-440B-A290-24D7A3B90470}.Debug|Any CPU.Build.0 = Debug|Any CPU
		{107A44CC-C351-440B-A290-24D7A3B90470}.Release|Any CPU.ActiveCfg = Release|Any CPU
		{107A44CC-C351-440B-A290-24D7A3B90470}.Release|Any CPU.Build.0 = Release|Any CPU
		{E17938AA-F7DC-4CD0-9A55-0AA008ED1029}.Debug|Any CPU.ActiveCfg = Debug|Any CPU
		{E17938AA-F7DC-4CD0-9A55-0AA008ED1029}.Debug|Any CPU.Build.0 = Debug|Any CPU
		{E17938AA-F7DC-4CD0-9A55-0AA008ED1029}.Release|Any CPU.ActiveCfg = Release|Any CPU
		{E17938AA-F7DC-4CD0-9A55-0AA008ED1029}.Release|Any CPU.Build.0 = Release|Any CPU
		{58E28B0F-93E6-4FC2-AABC-4333E406C5D6}.Debug|Any CPU.ActiveCfg = Debug|Any CPU
		{58E28B0F-93E6-4FC2-AABC-4333E406C5D6}.Debug|Any CPU.Build.0 = Debug|Any CPU
		{58E28B0F-93E6-4FC2-AABC-4333E406C5D6}.Release|Any CPU.ActiveCfg = Release|Any CPU
		{58E28B0F-93E6-4FC2-AABC-4333E406C5D6}.Release|Any CPU.Build.0 = Release|Any CPU
		{860E82C4-E36C-4CFD-87CA-D2D48EF7317E}.Debug|Any CPU.ActiveCfg = Debug|Any CPU
		{860E82C4-E36C-4CFD-87CA-D2D48EF7317E}.Debug|Any CPU.Build.0 = Debug|Any CPU
		{860E82C4-E36C-4CFD-87CA-D2D48EF7317E}.Release|Any CPU.ActiveCfg = Release|Any CPU
		{860E82C4-E36C-4CFD-87CA-D2D48EF7317E}.Release|Any CPU.Build.0 = Release|Any CPU
		{36064AF1-36CE-4C82-A889-BF046EEBE577}.Debug|Any CPU.ActiveCfg = Debug|Any CPU
		{36064AF1-36CE-4C82-A889-BF046EEBE577}.Debug|Any CPU.Build.0 = Debug|Any CPU
		{36064AF1-36CE-4C82-A889-BF046EEBE577}.Release|Any CPU.ActiveCfg = Release|Any CPU
		{36064AF1-36CE-4C82-A889-BF046EEBE577}.Release|Any CPU.Build.0 = Release|Any CPU
		{3CF66F48-A7BC-4808-962D-43463BBF60B6}.Debug|Any CPU.ActiveCfg = Debug|Any CPU
		{3CF66F48-A7BC-4808-962D-43463BBF60B6}.Debug|Any CPU.Build.0 = Debug|Any CPU
		{3CF66F48-A7BC-4808-962D-43463BBF60B6}.Release|Any CPU.ActiveCfg = Release|Any CPU
		{3CF66F48-A7BC-4808-962D-43463BBF60B6}.Release|Any CPU.Build.0 = Release|Any CPU
		{FE86D587-B8BE-4244-98C2-C00B84038F28}.Debug|Any CPU.ActiveCfg = Debug|Any CPU
		{FE86D587-B8BE-4244-98C2-C00B84038F28}.Debug|Any CPU.Build.0 = Debug|Any CPU
		{FE86D587-B8BE-4244-98C2-C00B84038F28}.Release|Any CPU.ActiveCfg = Release|Any CPU
		{FE86D587-B8BE-4244-98C2-C00B84038F28}.Release|Any CPU.Build.0 = Release|Any CPU
		{E887AF79-C1E0-42AF-8262-4EBB18627C8E}.Debug|Any CPU.ActiveCfg = Debug|Any CPU
		{E887AF79-C1E0-42AF-8262-4EBB18627C8E}.Debug|Any CPU.Build.0 = Debug|Any CPU
		{E887AF79-C1E0-42AF-8262-4EBB18627C8E}.Release|Any CPU.ActiveCfg = Release|Any CPU
		{E887AF79-C1E0-42AF-8262-4EBB18627C8E}.Release|Any CPU.Build.0 = Release|Any CPU
	EndGlobalSection
	GlobalSection(SolutionProperties) = preSolution
		HideSolutionNode = FALSE
	EndGlobalSection
	GlobalSection(NestedProjects) = preSolution
		{59C8152C-E089-4222-8FA9-9A4F352D8A15} = {0365C714-7918-457F-B9DB-BC068B9CC687}
		{A0B09917-1AA2-487F-8E20-1FA253AC2314} = {0365C714-7918-457F-B9DB-BC068B9CC687}
		{B181BF15-81F2-4E5E-92C8-9F2F79F50F99} = {0365C714-7918-457F-B9DB-BC068B9CC687}
		{581F8779-EF26-4542-90A6-ED906D3A3ECD} = {0365C714-7918-457F-B9DB-BC068B9CC687}
		{BB0D8DB1-11A0-4E71-8843-FE2CA8C96ACE} = {0365C714-7918-457F-B9DB-BC068B9CC687}
		{543D64B9-BE97-40C9-9395-EA235182514B} = {0365C714-7918-457F-B9DB-BC068B9CC687}
		{026C675B-FC5A-419B-A28F-62F7AE2A130E} = {E446F02D-A94F-4A64-883F-D6469B90389D}
		{C74F39E4-1020-425E-A406-9B419AEC65E0} = {0365C714-7918-457F-B9DB-BC068B9CC687}
		{8A7CE6EF-A75B-4EE4-B258-4704BDD070DE} = {0365C714-7918-457F-B9DB-BC068B9CC687}
		{70B80829-E0D6-4AAD-9929-6A92605C7459} = {0365C714-7918-457F-B9DB-BC068B9CC687}
		{228F5CB1-0EC3-4536-A0E9-80CD3FEC4D02} = {53FE7119-21F0-492B-A1F4-79C86F2E2C54}
		{2BC4954A-21A2-4D11-A222-1D9049953DAF} = {53FE7119-21F0-492B-A1F4-79C86F2E2C54}
		{107A44CC-C351-440B-A290-24D7A3B90470} = {53FE7119-21F0-492B-A1F4-79C86F2E2C54}
		{E17938AA-F7DC-4CD0-9A55-0AA008ED1029} = {53FE7119-21F0-492B-A1F4-79C86F2E2C54}
		{58E28B0F-93E6-4FC2-AABC-4333E406C5D6} = {53FE7119-21F0-492B-A1F4-79C86F2E2C54}
		{860E82C4-E36C-4CFD-87CA-D2D48EF7317E} = {53FE7119-21F0-492B-A1F4-79C86F2E2C54}
		{36064AF1-36CE-4C82-A889-BF046EEBE577} = {6DFAA7C2-72A5-4189-B609-D8CFCEC5EEA7}
		{3CF66F48-A7BC-4808-962D-43463BBF60B6} = {6DFAA7C2-72A5-4189-B609-D8CFCEC5EEA7}
		{FE86D587-B8BE-4244-98C2-C00B84038F28} = {6DFAA7C2-72A5-4189-B609-D8CFCEC5EEA7}
		{E887AF79-C1E0-42AF-8262-4EBB18627C8E} = {6DFAA7C2-72A5-4189-B609-D8CFCEC5EEA7}
	EndGlobalSection
	GlobalSection(ExtensibilityGlobals) = postSolution
		SolutionGuid = {9D849C99-8C60-422F-B542-6ACC26E95540}
	EndGlobalSection
EndGlobal
